
Microsoft Visual Studio Solution File, Format Version 11.00
# Visual Studio 2010
Project("{FAE04EC0-301F-11D3-BF4B-00C04F79EFBC}") = "InnerConnecs", "Assembly-CSharp.csproj", "{748FD369-452F-9DCF-9EF3-1106862865B0}"
EndProject
Project("{FAE04EC0-301F-11D3-BF4B-00C04F79EFBC}") = "InnerConnecs", "Assembly-CSharp-Editor.csproj", "{43BDFA1F-D055-27BE-65C8-38FE61257561}"
EndProject
Global
	GlobalSection(SolutionConfigurationPlatforms) = preSolution
		Debug|Any CPU = Debug|Any CPU
		Release|Any CPU = Release|Any CPU
	EndGlobalSection
	GlobalSection(ProjectConfigurationPlatforms) = postSolution
		{748FD369-452F-9DCF-9EF3-1106862865B0}.Debug|Any CPU.ActiveCfg = Debug|Any CPU
		{748FD369-452F-9DCF-9EF3-1106862865B0}.Debug|Any CPU.Build.0 = Debug|Any CPU
		{748FD369-452F-9DCF-9EF3-1106862865B0}.Release|Any CPU.ActiveCfg = Release|Any CPU
		{748FD369-452F-9DCF-9EF3-1106862865B0}.Release|Any CPU.Build.0 = Release|Any CPU
		{43BDFA1F-D055-27BE-65C8-38FE61257561}.Debug|Any CPU.ActiveCfg = Debug|Any CPU
		{43BDFA1F-D055-27BE-65C8-38FE61257561}.Debug|Any CPU.Build.0 = Debug|Any CPU
		{43BDFA1F-D055-27BE-65C8-38FE61257561}.Release|Any CPU.ActiveCfg = Release|Any CPU
		{43BDFA1F-D055-27BE-65C8-38FE61257561}.Release|Any CPU.Build.0 = Release|Any CPU
	EndGlobalSection
	GlobalSection(SolutionProperties) = preSolution
		HideSolutionNode = FALSE
	EndGlobalSection
	GlobalSection(MonoDevelopProperties) = preSolution
		StartupItem = Assembly-CSharp.csproj
	EndGlobalSection
EndGlobal
